{
  "requires": true,
  "lockfileVersion": 1,
  "dependencies": {
    "callsite": {
      "version": "1.0.0",
      "resolved": "https://registry.npmjs.org/callsite/-/callsite-1.0.0.tgz",
      "integrity": "sha1-KAOY5dZkvXQDi28JBRU+borxvCA="
    },
    "classnames": {
      "version": "2.2.6",
      "resolved": "https://registry.npmjs.org/classnames/-/classnames-2.2.6.tgz",
      "integrity": "sha512-JR/iSQOSt+LQIWwrwEzJ9uk0xfN3mTVYMwt1Ir5mUcSN6pU+V4zQFFaJsclJbPuAUQH+yfWef6tm7l1quW3C8Q=="
    },
    "hazardous": {
      "version": "0.3.0",
      "resolved": "https://registry.npmjs.org/hazardous/-/hazardous-0.3.0.tgz",
      "integrity": "sha512-VLSlBMoLTnfScKBJTycufZ2OHLO06eS3Q0mxNdHJ+egd1QLqeLitxDeGeUuoIgOqSPer+uqZCxiv43a1EVmwdg==",
      "requires": {
        "callsite": "^1.0.0"
      }
    },
    "wallpaper": {
      "version": "4.4.1",
      "resolved": "https://registry.npmjs.org/wallpaper/-/wallpaper-4.4.1.tgz",
      "integrity": "sha512-eHB4VgIwGmL0NAfghxKO4UY0YZbJyvyC3HKE6LOWtjvlMiT8/ywgVOWXd2+4E7pGPWrRY92scTw+e6bgoq66zQ=="
    }
  }
}
