{
  "name": "2020-khuthon-wyga",
  "version": "1.0.0",
  "lockfileVersion": 1,
  "requires": true,
  "dependencies": {
    "jquery": {
      "version": "3.5.1",
      "resolved": "https://registry.npmjs.org/jquery/-/jquery-3.5.1.tgz",
      "integrity": "sha512-XwIBPqcMn57FxfT+Go5pzySnm4KWkT1Tv7gjrpT1srtf8Weynl6R273VJ5GjkRb51IzMp5nbaPjJXMWeju2MKg=="
    },
    "wallpaper": {
      "version": "4.4.1",
      "resolved": "https://registry.npmjs.org/wallpaper/-/wallpaper-4.4.1.tgz",
      "integrity": "sha512-eHB4VgIwGmL0NAfghxKO4UY0YZbJyvyC3HKE6LOWtjvlMiT8/ywgVOWXd2+4E7pGPWrRY92scTw+e6bgoq66zQ=="
    }
  }
}
